// !$*UTF8*$!
{
	archiveVersion = 1;
	classes = {
	};
	objectVersion = 50;
	objects = {

/* Begin PBXBuildFile section */
		616A2E9A23272D620083C7BA /* AppDelegate.m in Sources */ = {isa = PBXBuildFile; fileRef = 616A2E9923272D620083C7BA /* AppDelegate.m */; };
		616A2E9D23272D620083C7BA /* ViewController.m in Sources */ = {isa = PBXBuildFile; fileRef = 616A2E9C23272D620083C7BA /* ViewController.m */; };
		616A2EA023272D620083C7BA /* Main.storyboard in Resources */ = {isa = PBXBuildFile; fileRef = 616A2E9E23272D620083C7BA /* Main.storyboard */; };
		616A2EA223272D630083C7BA /* Assets.xcassets in Resources */ = {isa = PBXBuildFile; fileRef = 616A2EA123272D630083C7BA /* Assets.xcassets */; };
		616A2EA523272D630083C7BA /* LaunchScreen.storyboard in Resources */ = {isa = PBXBuildFile; fileRef = 616A2EA323272D630083C7BA /* LaunchScreen.storyboard */; };
		616A2EA823272D630083C7BA /* main.m in Sources */ = {isa = PBXBuildFile; fileRef = 616A2EA723272D630083C7BA /* main.m */; };
		618CF3F1232F22A500A58A1B /* MainViewController.m in Sources */ = {isa = PBXBuildFile; fileRef = 618CF3F0232F22A500A58A1B /* MainViewController.m */; };
		618CF3F4232F257200A58A1B /* LoginViewController.m in Sources */ = {isa = PBXBuildFile; fileRef = 618CF3F3232F257200A58A1B /* LoginViewController.m */; };
		618CF3F8232F2DC400A58A1B /* libsqlite3.tbd in Frameworks */ = {isa = PBXBuildFile; fileRef = 618CF3F6232F2C6F00A58A1B /* libsqlite3.tbd */; };
		61C0DF452331E1630005276B /* OptionViewController.m in Sources */ = {isa = PBXBuildFile; fileRef = 61C0DF442331E1630005276B /* OptionViewController.m */; };
/* End PBXBuildFile section */

/* Begin PBXFileReference section */
		616A2E9523272D620083C7BA /* Caculator.app */ = {isa = PBXFileReference; explicitFileType = wrapper.application; includeInIndex = 0; path = Caculator.app; sourceTree = BUILT_PRODUCTS_DIR; };
		616A2E9823272D620083C7BA /* AppDelegate.h */ = {isa = PBXFileReference; lastKnownFileType = sourcecode.c.h; path = AppDelegate.h; sourceTree = "<group>"; };
		616A2E9923272D620083C7BA /* AppDelegate.m */ = {isa = PBXFileReference; lastKnownFileType = sourcecode.c.objc; path = AppDelegate.m; sourceTree = "<group>"; };
		616A2E9B23272D620083C7BA /* ViewController.h */ = {isa = PBXFileReference; lastKnownFileType = sourcecode.c.h; path = ViewController.h; sourceTree = "<group>"; };
		616A2E9C23272D620083C7BA /* ViewController.m */ = {isa = PBXFileReference; lastKnownFileType = sourcecode.c.objc; path = ViewController.m; sourceTree = "<group>"; };
		616A2E9F23272D620083C7BA /* Base */ = {isa = PBXFileReference; lastKnownFileType = file.storyboard; name = Base; path = Base.lproj/Main.storyboard; sourceTree = "<group>"; };
		616A2EA123272D630083C7BA /* Assets.xcassets */ = {isa = PBXFileReference; lastKnownFileType = folder.assetcatalog; path = Assets.xcassets; sourceTree = "<group>"; };
		616A2EA423272D630083C7BA /* Base */ = {isa = PBXFileReference; lastKnownFileType = file.storyboard; name = Base; path = Base.lproj/LaunchScreen.storyboard; sourceTree = "<group>"; };
		616A2EA623272D630083C7BA /* Info.plist */ = {isa = PBXFileReference; lastKnownFileType = text.plist.xml; path = Info.plist; sourceTree = "<group>"; };
		616A2EA723272D630083C7BA /* main.m */ = {isa = PBXFileReference; lastKnownFileType = sourcecode.c.objc; path = main.m; sourceTree = "<group>"; };
		618CF3EF232F22A500A58A1B /* MainViewController.h */ = {isa = PBXFileReference; lastKnownFileType = sourcecode.c.h; path = MainViewController.h; sourceTree = "<group>"; };
		618CF3F0232F22A500A58A1B /* MainViewController.m */ = {isa = PBXFileReference; lastKnownFileType = sourcecode.c.objc; path = MainViewController.m; sourceTree = "<group>"; };
		618CF3F2232F257200A58A1B /* LoginViewController.h */ = {isa = PBXFileReference; lastKnownFileType = sourcecode.c.h; path = LoginViewController.h; sourceTree = "<group>"; };
		618CF3F3232F257200A58A1B /* LoginViewController.m */ = {isa = PBXFileReference; lastKnownFileType = sourcecode.c.objc; path = LoginViewController.m; sourceTree = "<group>"; };
		618CF3F6232F2C6F00A58A1B /* libsqlite3.tbd */ = {isa = PBXFileReference; lastKnownFileType = "sourcecode.text-based-dylib-definition"; name = libsqlite3.tbd; path = usr/lib/libsqlite3.tbd; sourceTree = SDKROOT; };
		61C0DF432331E1630005276B /* OptionViewController.h */ = {isa = PBXFileReference; lastKnownFileType = sourcecode.c.h; path = OptionViewController.h; sourceTree = "<group>"; };
		61C0DF442331E1630005276B /* OptionViewController.m */ = {isa = PBXFileReference; lastKnownFileType = sourcecode.c.objc; path = OptionViewController.m; sourceTree = "<group>"; };
/* End PBXFileReference section */

/* Begin PBXFrameworksBuildPhase section */
		616A2E9223272D620083C7BA /* Frameworks */ = {
			isa = PBXFrameworksBuildPhase;
			buildActionMask = 2147483647;
			files = (
				618CF3F8232F2DC400A58A1B /* libsqlite3.tbd in Frameworks */,
			);
			runOnlyForDeploymentPostprocessing = 0;
		};
/* End PBXFrameworksBuildPhase section */

/* Begin PBXGroup section */
		616A2E8C23272D620083C7BA = {
			isa = PBXGroup;
			children = (
				616A2E9723272D620083C7BA /* Caculator */,
				616A2E9623272D620083C7BA /* Products */,
				618CF3F5232F2C6F00A58A1B /* Frameworks */,
			);
			sourceTree = "<group>";
		};
		616A2E9623272D620083C7BA /* Products */ = {
			isa = PBXGroup;
			children = (
				616A2E9523272D620083C7BA /* Caculator.app */,
			);
			name = Products;
			sourceTree = "<group>";
		};
		616A2E9723272D620083C7BA /* Caculator */ = {
			isa = PBXGroup;
			children = (
				616A2E9823272D620083C7BA /* AppDelegate.h */,
				616A2E9923272D620083C7BA /* AppDelegate.m */,
				616A2E9B23272D620083C7BA /* ViewController.h */,
				616A2E9C23272D620083C7BA /* ViewController.m */,
				616A2E9E23272D620083C7BA /* Main.storyboard */,
				616A2EA123272D630083C7BA /* Assets.xcassets */,
				616A2EA323272D630083C7BA /* LaunchScreen.storyboard */,
				616A2EA623272D630083C7BA /* Info.plist */,
				616A2EA723272D630083C7BA /* main.m */,
				618CF3EF232F22A500A58A1B /* MainViewController.h */,
				618CF3F0232F22A500A58A1B /* MainViewController.m */,
				618CF3F2232F257200A58A1B /* LoginViewController.h */,
				618CF3F3232F257200A58A1B /* LoginViewController.m */,
				61C0DF432331E1630005276B /* OptionViewController.h */,
				61C0DF442331E1630005276B /* OptionViewController.m */,
			);
			path = Caculator;
			sourceTree = "<group>";
		};
		618CF3F5232F2C6F00A58A1B /* Frameworks */ = {
			isa = PBXGroup;
			children = (
				618CF3F6232F2C6F00A58A1B /* libsqlite3.tbd */,
			);
			name = Frameworks;
			sourceTree = "<group>";
		};
/* End PBXGroup section */

/* Begin PBXNativeTarget section */
		616A2E9423272D620083C7BA /* Caculator */ = {
			isa = PBXNativeTarget;
			buildConfigurationList = 616A2EAB23272D630083C7BA /* Build configuration list for PBXNativeTarget "Caculator" */;
			buildPhases = (
				616A2E9123272D620083C7BA /* Sources */,
				616A2E9223272D620083C7BA /* Frameworks */,
				616A2E9323272D620083C7BA /* Resources */,
			);
			buildRules = (
			);
			dependencies = (
			);
			name = Caculator;
			productName = Caculator;
			productReference = 616A2E9523272D620083C7BA /* Caculator.app */;
			productType = "com.apple.product-type.application";
		};
/* End PBXNativeTarget section */

/* Begin PBXProject section */
		616A2E8D23272D620083C7BA /* Project object */ = {
			isa = PBXProject;
			attributes = {
				LastUpgradeCheck = 1030;
				ORGANIZATIONNAME = fz500net;
				TargetAttributes = {
					616A2E9423272D620083C7BA = {
						CreatedOnToolsVersion = 10.3;
					};
				};
			};
			buildConfigurationList = 616A2E9023272D620083C7BA /* Build configuration list for PBXProject "Caculator" */;
			compatibilityVersion = "Xcode 9.3";
			developmentRegion = en;
			hasScannedForEncodings = 0;
			knownRegions = (
				en,
				Base,
			);
			mainGroup = 616A2E8C23272D620083C7BA;
			productRefGroup = 616A2E9623272D620083C7BA /* Products */;
			projectDirPath = "";
			projectRoot = "";
			targets = (
				616A2E9423272D620083C7BA /* Caculator */,
			);
		};
/* End PBXProject section */

/* Begin PBXResourcesBuildPhase section */
		616A2E9323272D620083C7BA /* Resources */ = {
			isa = PBXResourcesBuildPhase;
			buildActionMask = 2147483647;
			files = (
				616A2EA523272D630083C7BA /* LaunchScreen.storyboard in Resources */,
				616A2EA223272D630083C7BA /* Assets.xcassets in Resources */,
				616A2EA023272D620083C7BA /* Main.storyboard in Resources */,
			);
			runOnlyForDeploymentPostprocessing = 0;
		};
/* End PBXResourcesBuildPhase section */

/* Begin PBXSourcesBuildPhase section */
		616A2E9123272D620083C7BA /* Sources */ = {
			isa = PBXSourcesBuildPhase;
			buildActionMask = 2147483647;
			files = (
				618CF3F1232F22A500A58A1B /* MainViewController.m in Sources */,
				616A2E9D23272D620083C7BA /* ViewController.m in Sources */,
				616A2EA823272D630083C7BA /* main.m in Sources */,
				61C0DF452331E1630005276B /* OptionViewController.m in Sources */,
				616A2E9A23272D620083C7BA /* AppDelegate.m in Sources */,
				618CF3F4232F257200A58A1B /* LoginViewController.m in Sources */,
			);
			runOnlyForDeploymentPostprocessing = 0;
		};
/* End PBXSourcesBuildPhase section */

/* Begin PBXVariantGroup section */
		616A2E9E23272D620083C7BA /* Main.storyboard */ = {
			isa = PBXVariantGroup;
			children = (
				616A2E9F23272D620083C7BA /* Base */,
			);
			name = Main.storyboard;
			sourceTree = "<group>";
		};
		616A2EA323272D630083C7BA /* LaunchScreen.storyboard */ = {
			isa = PBXVariantGroup;
			children = (
				616A2EA423272D630083C7BA /* Base */,
			);
			name = LaunchScreen.storyboard;
			sourceTree = "<group>";
		};
/* End PBXVariantGroup section */

/* Begin XCBuildConfiguration section */
		616A2EA923272D630083C7BA /* Debug */ = {
			isa = XCBuildConfiguration;
			buildSettings = {
				ALWAYS_SEARCH_USER_PATHS = NO;
				CLANG_ANALYZER_NONNULL = YES;
				CLANG_ANALYZER_NUMBER_OBJECT_CONVERSION = YES_AGGRESSIVE;
				CLANG_CXX_LANGUAGE_STANDARD = "gnu++14";
				CLANG_CXX_LIBRARY = "libc++";
				CLANG_ENABLE_MODULES = YES;
				CLANG_ENABLE_OBJC_ARC = YES;
				CLANG_ENABLE_OBJC_WEAK = YES;
				CLANG_WARN_BLOCK_CAPTURE_AUTORELEASING = YES;
				CLANG_WARN_BOOL_CONVERSION = YES;
				CLANG_WARN_COMMA = YES;
				CLANG_WARN_CONSTANT_CONVERSION = YES;
				CLANG_WARN_DEPRECATED_OBJC_IMPLEMENTATIONS = YES;
				CLANG_WARN_DIRECT_OBJC_ISA_USAGE = YES_ERROR;
				CLANG_WARN_DOCUMENTATION_COMMENTS = YES;
				CLANG_WARN_EMPTY_BODY = YES;
				CLANG_WARN_ENUM_CONVERSION = YES;
				CLANG_WARN_INFINITE_RECURSION = YES;
				CLANG_WARN_INT_CONVERSION = YES;
				CLANG_WARN_NON_LITERAL_NULL_CONVERSION = YES;
				CLANG_WARN_OBJC_IMPLICIT_RETAIN_SELF = YES;
				CLANG_WARN_OBJC_LITERAL_CONVERSION = YES;
				CLANG_WARN_OBJC_ROOT_CLASS = YES_ERROR;
				CLANG_WARN_RANGE_LOOP_ANALYSIS = YES;
				CLANG_WARN_STRICT_PROTOTYPES = YES;
				CLANG_WARN_SUSPICIOUS_MOVE = YES;
				CLANG_WARN_UNGUARDED_AVAILABILITY = YES_AGGRESSIVE;
				CLANG_WARN_UNREACHABLE_CODE = YES;
				CLANG_WARN__DUPLICATE_METHOD_MATCH = YES;
				CODE_SIGN_IDENTITY = "iPhone Developer";
				COPY_PHASE_STRIP = NO;
				DEBUG_INFORMATION_FORMAT = dwarf;
				ENABLE_STRICT_OBJC_MSGSEND = YES;
				ENABLE_TESTABILITY = YES;
				GCC_C_LANGUAGE_STANDARD = gnu11;
				GCC_DYNAMIC_NO_PIC = NO;
				GCC_NO_COMMON_BLOCKS = YES;
				GCC_OPTIMIZATION_LEVEL = 0;
				GCC_PREPROCESSOR_DEFINITIONS = (
					"DEBUG=1",
					"$(inherited)",
				);
				GCC_WARN_64_TO_32_BIT_CONVERSION = YES;
				GCC_WARN_ABOUT_RETURN_TYPE = YES_ERROR;
				GCC_WARN_UNDECLARED_SELECTOR = YES;
				GCC_WARN_UNINITIALIZED_AUTOS = YES_AGGRESSIVE;
				GCC_WARN_UNUSED_FUNCTION = YES;
				GCC_WARN_UNUSED_VARIABLE = YES;
				IPHONEOS_DEPLOYMENT_TARGET = 8.0;
				MTL_ENABLE_DEBUG_INFO = INCLUDE_SOURCE;
				MTL_FAST_MATH = YES;
				ONLY_ACTIVE_ARCH = YES;
				SDKROOT = iphoneos;
			};
			name = Debug;
		};
		616A2EAA23272D630083C7BA /* Release */ = {
			isa = XCBuildConfiguration;
			buildSettings = {
				ALWAYS_SEARCH_USER_PATHS = NO;
				CLANG_ANALYZER_NONNULL = YES;
				CLANG_ANALYZER_NUMBER_OBJECT_CONVERSION = YES_AGGRESSIVE;
				CLANG_CXX_LANGUAGE_STANDARD = "gnu++14";
				CLANG_CXX_LIBRARY = "libc++";
				CLANG_ENABLE_MODULES = YES;
				CLANG_ENABLE_OBJC_ARC = YES;
				CLANG_ENABLE_OBJC_WEAK = YES;
				CLANG_WARN_BLOCK_CAPTURE_AUTORELEASING = YES;
				CLANG_WARN_BOOL_CONVERSION = YES;
				CLANG_WARN_COMMA = YES;
				CLANG_WARN_CONSTANT_CONVERSION = YES;
				CLANG_WARN_DEPRECATED_OBJC_IMPLEMENTATIONS = YES;
				CLANG_WARN_DIRECT_OBJC_ISA_USAGE = YES_ERROR;
				CLANG_WARN_DOCUMENTATION_COMMENTS = YES;
				CLANG_WARN_EMPTY_BODY = YES;
				CLANG_WARN_ENUM_CONVERSION = YES;
				CLANG_WARN_INFINITE_RECURSION = YES;
				CLANG_WARN_INT_CONVERSION = YES;
				CLANG_WARN_NON_LITERAL_NULL_CONVERSION = YES;
				CLANG_WARN_OBJC_IMPLICIT_RETAIN_SELF = YES;
				CLANG_WARN_OBJC_LITERAL_CONVERSION = YES;
				CLANG_WARN_OBJC_ROOT_CLASS = YES_ERROR;
				CLANG_WARN_RANGE_LOOP_ANALYSIS = YES;
				CLANG_WARN_STRICT_PROTOTYPES = YES;
				CLANG_WARN_SUSPICIOUS_MOVE = YES;
				CLANG_WARN_UNGUARDED_AVAILABILITY = YES_AGGRESSIVE;
				CLANG_WARN_UNREACHABLE_CODE = YES;
				CLANG_WARN__DUPLICATE_METHOD_MATCH = YES;
				CODE_SIGN_IDENTITY = "iPhone Developer";
				COPY_PHASE_STRIP = NO;
				DEBUG_INFORMATION_FORMAT = "dwarf-with-dsym";
				ENABLE_NS_ASSERTIONS = NO;
				ENABLE_STRICT_OBJC_MSGSEND = YES;
				GCC_C_LANGUAGE_STANDARD = gnu11;
				GCC_NO_COMMON_BLOCKS = YES;
				GCC_WARN_64_TO_32_BIT_CONVERSION = YES;
				GCC_WARN_ABOUT_RETURN_TYPE = YES_ERROR;
				GCC_WARN_UNDECLARED_SELECTOR = YES;
				GCC_WARN_UNINITIALIZED_AUTOS = YES_AGGRESSIVE;
				GCC_WARN_UNUSED_FUNCTION = YES;
				GCC_WARN_UNUSED_VARIABLE = YES;
				IPHONEOS_DEPLOYMENT_TARGET = 8.0;
				MTL_ENABLE_DEBUG_INFO = NO;
				MTL_FAST_MATH = YES;
				SDKROOT = iphoneos;
				VALIDATE_PRODUCT = YES;
			};
			name = Release;
		};
		616A2EAC23272D630083C7BA /* Debug */ = {
			isa = XCBuildConfiguration;
			buildSettings = {
				ASSETCATALOG_COMPILER_APPICON_NAME = AppIcon;
				CODE_SIGN_STYLE = Automatic;
				INFOPLIST_FILE = Caculator/Info.plist;
				LD_RUNPATH_SEARCH_PATHS = (
					"$(inherited)",
					"@executable_path/Frameworks",
				);
				PRODUCT_BUNDLE_IDENTIFIER = com.Caculator;
				PRODUCT_NAME = "$(TARGET_NAME)";
				TARGETED_DEVICE_FAMILY = "1,2";
			};
			name = Debug;
		};
		616A2EAD23272D630083C7BA /* Release */ = {
			isa = XCBuildConfiguration;
			buildSettings = {
				ASSETCATALOG_COMPILER_APPICON_NAME = AppIcon;
				CODE_SIGN_STYLE = Automatic;
				INFOPLIST_FILE = Caculator/Info.plist;
				LD_RUNPATH_SEARCH_PATHS = (
					"$(inherited)",
					"@executable_path/Frameworks",
				);
				PRODUCT_BUNDLE_IDENTIFIER = com.Caculator;
				PRODUCT_NAME = "$(TARGET_NAME)";
				TARGETED_DEVICE_FAMILY = "1,2";
			};
			name = Release;
		};
/* End XCBuildConfiguration section */

/* Begin XCConfigurationList section */
		616A2E9023272D620083C7BA /* Build configuration list for PBXProject "Caculator" */ = {
			isa = XCConfigurationList;
			buildConfigurations = (
				616A2EA923272D630083C7BA /* Debug */,
				616A2EAA23272D630083C7BA /* Release */,
			);
			defaultConfigurationIsVisible = 0;
			defaultConfigurationName = Release;
		};
		616A2EAB23272D630083C7BA /* Build configuration list for PBXNativeTarget "Caculator" */ = {
			isa = XCConfigurationList;
			buildConfigurations = (
				616A2EAC23272D630083C7BA /* Debug */,
				616A2EAD23272D630083C7BA /* Release */,
			);
			defaultConfigurationIsVisible = 0;
			defaultConfigurationName = Release;
		};
/* End XCConfigurationList section */
	};
	rootObject = 616A2E8D23272D620083C7BA /* Project object */;
}
